
Microsoft Visual Studio Solution File, Format Version 12.00
# Visual Studio Version 17
VisualStudioVersion = 17.4.33205.214
MinimumVisualStudioVersion = 10.0.40219.1
Project("{FAE04EC0-301F-11D3-BF4B-00C04F79EFBC}") = "Practice", "Practice\Practice.csproj", "{07D63315-E37E-46F0-9C82-91FD68767F49}"
EndProject
Global
	GlobalSection(SolutionConfigurationPlatforms) = preSolution
		Debug|Any CPU = Debug|Any CPU
		Release|Any CPU = Release|Any CPU
	EndGlobalSection
	GlobalSection(ProjectConfigurationPlatforms) = postSolution
		{07D63315-E37E-46F0-9C82-91FD68767F49}.Debug|Any CPU.ActiveCfg = Debug|Any CPU
		{07D63315-E37E-46F0-9C82-91FD68767F49}.Debug|Any CPU.Build.0 = Debug|Any CPU
		{07D63315-E37E-46F0-9C82-91FD68767F49}.Release|Any CPU.ActiveCfg = Release|Any CPU
		{07D63315-E37E-46F0-9C82-91FD68767F49}.Release|Any CPU.Build.0 = Release|Any CPU
	EndGlobalSection
	GlobalSection(SolutionProperties) = preSolution
		HideSolutionNode = FALSE
	EndGlobalSection
	GlobalSection(ExtensibilityGlobals) = postSolution
		SolutionGuid = {20FB7D7A-2708-419A-9776-D3AE2F188DE8}
	EndGlobalSection
EndGlobal
